
Microsoft Visual Studio Solution File, Format Version 12.00
# Visual Studio 15
VisualStudioVersion = 15.0.27004.2005
MinimumVisualStudioVersion = 10.0.40219.1
Project("{FAE04EC0-301F-11D3-BF4B-00C04F79EFBC}") = "StackManagement", "StackManagement\StackManagement.csproj", "{7957A333-8308-41CE-85F0-9294DAB59E4E}"
EndProject
Global
	GlobalSection(SolutionConfigurationPlatforms) = preSolution
		Debug|Any CPU = Debug|Any CPU
		Release|Any CPU = Release|Any CPU
	EndGlobalSection
	GlobalSection(ProjectConfigurationPlatforms) = postSolution
		{7957A333-8308-41CE-85F0-9294DAB59E4E}.Debug|Any CPU.ActiveCfg = Debug|Any CPU
		{7957A333-8308-41CE-85F0-9294DAB59E4E}.Debug|Any CPU.Build.0 = Debug|Any CPU
		{7957A333-8308-41CE-85F0-9294DAB59E4E}.Release|Any CPU.ActiveCfg = Release|Any CPU
		{7957A333-8308-41CE-85F0-9294DAB59E4E}.Release|Any CPU.Build.0 = Release|Any CPU
	EndGlobalSection
	GlobalSection(SolutionProperties) = preSolution
		HideSolutionNode = FALSE
	EndGlobalSection
	GlobalSection(ExtensibilityGlobals) = postSolution
		SolutionGuid = {0B70C750-F690-45CC-A623-79E682EDD5DA}
	EndGlobalSection
EndGlobal
